
Microsoft Visual Studio Solution File, Format Version 12.00
Project("{FAE04EC0-301F-11D3-BF4B-00C04F79EFBC}") = "Tasks Unity Adventure", "Tasks Unity Adventure.csproj", "{925E361D-1043-4E17-84A2-BD0CFC9202BA}"
EndProject
Global
	GlobalSection(SolutionConfigurationPlatforms) = preSolution
		Debug|Any CPU = Debug|Any CPU
		Release|Any CPU = Release|Any CPU
	EndGlobalSection
	GlobalSection(ProjectConfigurationPlatforms) = postSolution
		{925E361D-1043-4E17-84A2-BD0CFC9202BA}.Debug|Any CPU.ActiveCfg = Debug|Any CPU
		{925E361D-1043-4E17-84A2-BD0CFC9202BA}.Debug|Any CPU.Build.0 = Debug|Any CPU
		{925E361D-1043-4E17-84A2-BD0CFC9202BA}.Release|Any CPU.ActiveCfg = Release|Any CPU
		{925E361D-1043-4E17-84A2-BD0CFC9202BA}.Release|Any CPU.Build.0 = Release|Any CPU
	EndGlobalSection
EndGlobal
